<Solution>
  <Project Path="Backend/Olimpeadas.API/Olimpeadas.API.csproj" />
  <Project Path="Backend/Olimpeadas.Aplication/Olimpeadas.Aplication.csproj" />
  <Project Path="Backend/Olimpeadas.Domain/Olimpeadas.Domain.csproj" />
  <Project Path="Backend/Olimpeadas.Infraestructure/Olimpeadas.Infraestructure.csproj" />
</Solution>
